// !$*UTF8*$!
{
	archiveVersion = 1;
	classes = {
	};
	objectVersion = 77;
	objects = {

/* Begin PBXContainerItemProxy section */
		11DD2DFC2CD67911004D498C /* PBXContainerItemProxy */ = {
			isa = PBXContainerItemProxy;
			containerPortal = 11DD2DDD2CD67910004D498C /* Project object */;
			proxyType = 1;
			remoteGlobalIDString = 11DD2DE42CD67910004D498C;
			remoteInfo = SQKeyboard;
		};
		11DD2E062CD67911004D498C /* PBXContainerItemProxy */ = {
			isa = PBXContainerItemProxy;
			containerPortal = 11DD2DDD2CD67910004D498C /* Project object */;
			proxyType = 1;
			remoteGlobalIDString = 11DD2DE42CD67910004D498C;
			remoteInfo = SQKeyboard;
		};
/* End PBXContainerItemProxy section */

/* Begin PBXFileReference section */
		11DD2DE52CD67910004D498C /* SQKeyboard.app */ = {isa = PBXFileReference; explicitFileType = wrapper.application; includeInIndex = 0; path = SQKeyboard.app; sourceTree = BUILT_PRODUCTS_DIR; };
		11DD2DFB2CD67911004D498C /* SQKeyboardTests.xctest */ = {isa = PBXFileReference; explicitFileType = wrapper.cfbundle; includeInIndex = 0; path = SQKeyboardTests.xctest; sourceTree = BUILT_PRODUCTS_DIR; };
		11DD2E052CD67911004D498C /* SQKeyboardUITests.xctest */ = {isa = PBXFileReference; explicitFileType = wrapper.cfbundle; includeInIndex = 0; path = SQKeyboardUITests.xctest; sourceTree = BUILT_PRODUCTS_DIR; };
/* End PBXFileReference section */

/* Begin PBXFileSystemSynchronizedBuildFileExceptionSet section */
		11DD2E0D2CD67911004D498C /* Exceptions for "SQKeyboard" folder in "SQKeyboard" target */ = {
			isa = PBXFileSystemSynchronizedBuildFileExceptionSet;
			membershipExceptions = (
				Info.plist,
			);
			target = 11DD2DE42CD67910004D498C /* SQKeyboard */;
		};
/* End PBXFileSystemSynchronizedBuildFileExceptionSet section */

/* Begin PBXFileSystemSynchronizedRootGroup section */
		11DD2DE72CD67910004D498C /* SQKeyboard */ = {
			isa = PBXFileSystemSynchronizedRootGroup;
			exceptions = (
				11DD2E0D2CD67911004D498C /* Exceptions for "SQKeyboard" folder in "SQKeyboard" target */,
			);
			path = SQKeyboard;
			sourceTree = "<group>";
		};
		11DD2DFE2CD67911004D498C /* SQKeyboardTests */ = {
			isa = PBXFileSystemSynchronizedRootGroup;
			path = SQKeyboardTests;
			sourceTree = "<group>";
		};
		11DD2E082CD67911004D498C /* SQKeyboardUITests */ = {
			isa = PBXFileSystemSynchronizedRootGroup;
			path = SQKeyboardUITests;
			sourceTree = "<group>";
		};
/* End PBXFileSystemSynchronizedRootGroup section */

/* Begin PBXFrameworksBuildPhase section */
		11DD2DE22CD67910004D498C /* Frameworks */ = {
			isa = PBXFrameworksBuildPhase;
			buildActionMask = 2147483647;
			files = (
			);
			runOnlyForDeploymentPostprocessing = 0;
		};
		11DD2DF82CD67911004D498C /* Frameworks */ = {
			isa = PBXFrameworksBuildPhase;
			buildActionMask = 2147483647;
			files = (
			);
			runOnlyForDeploymentPostprocessing = 0;
		};
		11DD2E022CD67911004D498C /* Frameworks */ = {
			isa = PBXFrameworksBuildPhase;
			buildActionMask = 2147483647;
			files = (
			);
			runOnlyForDeploymentPostprocessing = 0;
		};
/* End PBXFrameworksBuildPhase section */

/* Begin PBXGroup section */
		11DD2DDC2CD67910004D498C = {
			isa = PBXGroup;
			children = (
				11DD2DE72CD67910004D498C /* SQKeyboard */,
				11DD2DFE2CD67911004D498C /* SQKeyboardTests */,
				11DD2E082CD67911004D498C /* SQKeyboardUITests */,
				11DD2DE62CD67910004D498C /* Products */,
			);
			sourceTree = "<group>";
		};
		11DD2DE62CD67910004D498C /* Products */ = {
			isa = PBXGroup;
			children = (
				11DD2DE52CD67910004D498C /* SQKeyboard.app */,
				11DD2DFB2CD67911004D498C /* SQKeyboardTests.xctest */,
				11DD2E052CD67911004D498C /* SQKeyboardUITests.xctest */,
			);
			name = Products;
			sourceTree = "<group>";
		};
/* End PBXGroup section */

/* Begin PBXNativeTarget section */
		11DD2DE42CD67910004D498C /* SQKeyboard */ = {
			isa = PBXNativeTarget;
			buildConfigurationList = 11DD2E0E2CD67911004D498C /* Build configuration list for PBXNativeTarget "SQKeyboard" */;
			buildPhases = (
				11DD2DE12CD67910004D498C /* Sources */,
				11DD2DE22CD67910004D498C /* Frameworks */,
				11DD2DE32CD67910004D498C /* Resources */,
			);
			buildRules = (
			);
			dependencies = (
			);
			fileSystemSynchronizedGroups = (
				11DD2DE72CD67910004D498C /* SQKeyboard */,
			);
			name = SQKeyboard;
			packageProductDependencies = (
			);
			productName = SQKeyboard;
			productReference = 11DD2DE52CD67910004D498C /* SQKeyboard.app */;
			productType = "com.apple.product-type.application";
		};
		11DD2DFA2CD67911004D498C /* SQKeyboardTests */ = {
			isa = PBXNativeTarget;
			buildConfigurationList = 11DD2E132CD67911004D498C /* Build configuration list for PBXNativeTarget "SQKeyboardTests" */;
			buildPhases = (
				11DD2DF72CD67911004D498C /* Sources */,
				11DD2DF82CD67911004D498C /* Frameworks */,
				11DD2DF92CD67911004D498C /* Resources */,
			);
			buildRules = (
			);
			dependencies = (
				11DD2DFD2CD67911004D498C /* PBXTargetDependency */,
			);
			fileSystemSynchronizedGroups = (
				11DD2DFE2CD67911004D498C /* SQKeyboardTests */,
			);
			name = SQKeyboardTests;
			packageProductDependencies = (
			);
			productName = SQKeyboardTests;
			productReference = 11DD2DFB2CD67911004D498C /* SQKeyboardTests.xctest */;
			productType = "com.apple.product-type.bundle.unit-test";
		};
		11DD2E042CD67911004D498C /* SQKeyboardUITests */ = {
			isa = PBXNativeTarget;
			buildConfigurationList = 11DD2E162CD67911004D498C /* Build configuration list for PBXNativeTarget "SQKeyboardUITests" */;
			buildPhases = (
				11DD2E012CD67911004D498C /* Sources */,
				11DD2E022CD67911004D498C /* Frameworks */,
				11DD2E032CD67911004D498C /* Resources */,
			);
			buildRules = (
			);
			dependencies = (
				11DD2E072CD67911004D498C /* PBXTargetDependency */,
			);
			fileSystemSynchronizedGroups = (
				11DD2E082CD67911004D498C /* SQKeyboardUITests */,
			);
			name = SQKeyboardUITests;
			packageProductDependencies = (
			);
			productName = SQKeyboardUITests;
			productReference = 11DD2E052CD67911004D498C /* SQKeyboardUITests.xctest */;
			productType = "com.apple.product-type.bundle.ui-testing";
		};
/* End PBXNativeTarget section */

/* Begin PBXProject section */
		11DD2DDD2CD67910004D498C /* Project object */ = {
			isa = PBXProject;
			attributes = {
				BuildIndependentTargetsInParallel = 1;
				LastSwiftUpdateCheck = 1600;
				LastUpgradeCheck = 1600;
				TargetAttributes = {
					11DD2DE42CD67910004D498C = {
						CreatedOnToolsVersion = 16.0;
					};
					11DD2DFA2CD67911004D498C = {
						CreatedOnToolsVersion = 16.0;
						TestTargetID = 11DD2DE42CD67910004D498C;
					};
					11DD2E042CD67911004D498C = {
						CreatedOnToolsVersion = 16.0;
						TestTargetID = 11DD2DE42CD67910004D498C;
					};
				};
			};
			buildConfigurationList = 11DD2DE02CD67910004D498C /* Build configuration list for PBXProject "SQKeyboard" */;
			developmentRegion = en;
			hasScannedForEncodings = 0;
			knownRegions = (
				en,
				Base,
			);
			mainGroup = 11DD2DDC2CD67910004D498C;
			minimizedProjectReferenceProxies = 1;
			preferredProjectObjectVersion = 77;
			productRefGroup = 11DD2DE62CD67910004D498C /* Products */;
			projectDirPath = "";
			projectRoot = "";
			targets = (
				11DD2DE42CD67910004D498C /* SQKeyboard */,
				11DD2DFA2CD67911004D498C /* SQKeyboardTests */,
				11DD2E042CD67911004D498C /* SQKeyboardUITests */,
			);
		};
/* End PBXProject section */

/* Begin PBXResourcesBuildPhase section */
		11DD2DE32CD67910004D498C /* Resources */ = {
			isa = PBXResourcesBuildPhase;
			buildActionMask = 2147483647;
			files = (
			);
			runOnlyForDeploymentPostprocessing = 0;
		};
		11DD2DF92CD67911004D498C /* Resources */ = {
			isa = PBXResourcesBuildPhase;
			buildActionMask = 2147483647;
			files = (
			);
			runOnlyForDeploymentPostprocessing = 0;
		};
		11DD2E032CD67911004D498C /* Resources */ = {
			isa = PBXResourcesBuildPhase;
			buildActionMask = 2147483647;
			files = (
			);
			runOnlyForDeploymentPostprocessing = 0;
		};
/* End PBXResourcesBuildPhase section */

/* Begin PBXSourcesBuildPhase section */
		11DD2DE12CD67910004D498C /* Sources */ = {
			isa = PBXSourcesBuildPhase;
			buildActionMask = 2147483647;
			files = (
			);
			runOnlyForDeploymentPostprocessing = 0;
		};
		11DD2DF72CD67911004D498C /* Sources */ = {
			isa = PBXSourcesBuildPhase;
			buildActionMask = 2147483647;
			files = (
			);
			runOnlyForDeploymentPostprocessing = 0;
		};
		11DD2E012CD67911004D498C /* Sources */ = {
			isa = PBXSourcesBuildPhase;
			buildActionMask = 2147483647;
			files = (
			);
			runOnlyForDeploymentPostprocessing = 0;
		};
/* End PBXSourcesBuildPhase section */

/* Begin PBXTargetDependency section */
		11DD2DFD2CD67911004D498C /* PBXTargetDependency */ = {
			isa = PBXTargetDependency;
			target = 11DD2DE42CD67910004D498C /* SQKeyboard */;
			targetProxy = 11DD2DFC2CD67911004D498C /* PBXContainerItemProxy */;
		};
		11DD2E072CD67911004D498C /* PBXTargetDependency */ = {
			isa = PBXTargetDependency;
			target = 11DD2DE42CD67910004D498C /* SQKeyboard */;
			targetProxy = 11DD2E062CD67911004D498C /* PBXContainerItemProxy */;
		};
/* End PBXTargetDependency section */

/* Begin XCBuildConfiguration section */
		11DD2E0F2CD67911004D498C /* Debug */ = {
			isa = XCBuildConfiguration;
			buildSettings = {
				ASSETCATALOG_COMPILER_APPICON_NAME = AppIcon;
				ASSETCATALOG_COMPILER_GLOBAL_ACCENT_COLOR_NAME = AccentColor;
				CODE_SIGN_STYLE = Automatic;
				CURRENT_PROJECT_VERSION = 1;
				DEVELOPMENT_TEAM = QHQD97388Q;
				GENERATE_INFOPLIST_FILE = YES;
				INFOPLIST_FILE = SQKeyboard/Info.plist;
				INFOPLIST_KEY_UIApplicationSupportsIndirectInputEvents = YES;
				INFOPLIST_KEY_UILaunchStoryboardName = LaunchScreen;
				INFOPLIST_KEY_UIMainStoryboardFile = Main;
				INFOPLIST_KEY_UISupportedInterfaceOrientations_iPad = "UIInterfaceOrientationPortrait UIInterfaceOrientationPortraitUpsideDown UIInterfaceOrientationLandscapeLeft UIInterfaceOrientationLandscapeRight";
				INFOPLIST_KEY_UISupportedInterfaceOrientations_iPhone = "UIInterfaceOrientationPortrait UIInterfaceOrientationLandscapeLeft UIInterfaceOrientationLandscapeRight";
				LD_RUNPATH_SEARCH_PATHS = (
					"$(inherited)",
					"@executable_path/Frameworks",
				);
				MARKETING_VERSION = 1.0;
				PRODUCT_BUNDLE_IDENTIFIER = com.tigerfly.SQKeyboard;
				PRODUCT_NAME = "$(TARGET_NAME)";
				SWIFT_EMIT_LOC_STRINGS = YES;
				SWIFT_VERSION = 5.0;
				TARGETED_DEVICE_FAMILY = "1,2";
			};
			name = Debug;
		};
		11DD2E102CD67911004D498C /* Release */ = {
			isa = XCBuildConfiguration;
			buildSettings = {
				ASSETCATALOG_COMPILER_APPICON_NAME = AppIcon;
				ASSETCATALOG_COMPILER_GLOBAL_ACCENT_COLOR_NAME = AccentColor;
				CODE_SIGN_STYLE = Automatic;
				CURRENT_PROJECT_VERSION = 1;
				DEVELOPMENT_TEAM = QHQD97388Q;
				GENERATE_INFOPLIST_FILE = YES;
				INFOPLIST_FILE = SQKeyboard/Info.plist;
				INFOPLIST_KEY_UIApplicationSupportsIndirectInputEvents = YES;
				INFOPLIST_KEY_UILaunchStoryboardName = LaunchScreen;
				INFOPLIST_KEY_UIMainStoryboardFile = Main;
				INFOPLIST_KEY_UISupportedInterfaceOrientations_iPad = "UIInterfaceOrientationPortrait UIInterfaceOrientationPortraitUpsideDown UIInterfaceOrientationLandscapeLeft UIInterfaceOrientationLandscapeRight";
				INFOPLIST_KEY_UISupportedInterfaceOrientations_iPhone = "UIInterfaceOrientationPortrait UIInterfaceOrientationLandscapeLeft UIInterfaceOrientationLandscapeRight";
				LD_RUNPATH_SEARCH_PATHS = (
					"$(inherited)",
					"@executable_path/Frameworks",
				);
				MARKETING_VERSION = 1.0;
				PRODUCT_BUNDLE_IDENTIFIER = com.tigerfly.SQKeyboard;
				PRODUCT_NAME = "$(TARGET_NAME)";
				SWIFT_EMIT_LOC_STRINGS = YES;
				SWIFT_VERSION = 5.0;
				TARGETED_DEVICE_FAMILY = "1,2";
			};
			name = Release;
		};
		11DD2E112CD67911004D498C /* Debug */ = {
			isa = XCBuildConfiguration;
			buildSettings = {
				ALWAYS_SEARCH_USER_PATHS = NO;
				ASSETCATALOG_COMPILER_GENERATE_SWIFT_ASSET_SYMBOL_EXTENSIONS = YES;
				CLANG_ANALYZER_NONNULL = YES;
				CLANG_ANALYZER_NUMBER_OBJECT_CONVERSION = YES_AGGRESSIVE;
				CLANG_CXX_LANGUAGE_STANDARD = "gnu++20";
				CLANG_ENABLE_MODULES = YES;
				CLANG_ENABLE_OBJC_ARC = YES;
				CLANG_ENABLE_OBJC_WEAK = YES;
				CLANG_WARN_BLOCK_CAPTURE_AUTORELEASING = YES;
				CLANG_WARN_BOOL_CONVERSION = YES;
				CLANG_WARN_COMMA = YES;
				CLANG_WARN_CONSTANT_CONVERSION = YES;
				CLANG_WARN_DEPRECATED_OBJC_IMPLEMENTATIONS = YES;
				CLANG_WARN_DIRECT_OBJC_ISA_USAGE = YES_ERROR;
				CLANG_WARN_DOCUMENTATION_COMMENTS = YES;
				CLANG_WARN_EMPTY_BODY = YES;
				CLANG_WARN_ENUM_CONVERSION = YES;
				CLANG_WARN_INFINITE_RECURSION = YES;
				CLANG_WARN_INT_CONVERSION = YES;
				CLANG_WARN_NON_LITERAL_NULL_CONVERSION = YES;
				CLANG_WARN_OBJC_IMPLICIT_RETAIN_SELF = YES;
				CLANG_WARN_OBJC_LITERAL_CONVERSION = YES;
				CLANG_WARN_OBJC_ROOT_CLASS = YES_ERROR;
				CLANG_WARN_QUOTED_INCLUDE_IN_FRAMEWORK_HEADER = YES;
				CLANG_WARN_RANGE_LOOP_ANALYSIS = YES;
				CLANG_WARN_STRICT_PROTOTYPES = YES;
				CLANG_WARN_SUSPICIOUS_MOVE = YES;
				CLANG_WARN_UNGUARDED_AVAILABILITY = YES_AGGRESSIVE;
				CLANG_WARN_UNREACHABLE_CODE = YES;
				CLANG_WARN__DUPLICATE_METHOD_MATCH = YES;
				COPY_PHASE_STRIP = NO;
				DEBUG_INFORMATION_FORMAT = dwarf;
				ENABLE_STRICT_OBJC_MSGSEND = YES;
				ENABLE_TESTABILITY = YES;
				ENABLE_USER_SCRIPT_SANDBOXING = YES;
				GCC_C_LANGUAGE_STANDARD = gnu17;
				GCC_DYNAMIC_NO_PIC = NO;
				GCC_NO_COMMON_BLOCKS = YES;
				GCC_OPTIMIZATION_LEVEL = 0;
				GCC_PREPROCESSOR_DEFINITIONS = (
					"DEBUG=1",
					"$(inherited)",
				);
				GCC_WARN_64_TO_32_BIT_CONVERSION = YES;
				GCC_WARN_ABOUT_RETURN_TYPE = YES_ERROR;
				GCC_WARN_UNDECLARED_SELECTOR = YES;
				GCC_WARN_UNINITIALIZED_AUTOS = YES_AGGRESSIVE;
				GCC_WARN_UNUSED_FUNCTION = YES;
				GCC_WARN_UNUSED_VARIABLE = YES;
				IPHONEOS_DEPLOYMENT_TARGET = 18.0;
				LOCALIZATION_PREFERS_STRING_CATALOGS = YES;
				MTL_ENABLE_DEBUG_INFO = INCLUDE_SOURCE;
				MTL_FAST_MATH = YES;
				ONLY_ACTIVE_ARCH = YES;
				SDKROOT = iphoneos;
				SWIFT_ACTIVE_COMPILATION_CONDITIONS = "DEBUG $(inherited)";
				SWIFT_OPTIMIZATION_LEVEL = "-Onone";
			};
			name = Debug;
		};
		11DD2E122CD67911004D498C /* Release */ = {
			isa = XCBuildConfiguration;
			buildSettings = {
				ALWAYS_SEARCH_USER_PATHS = NO;
				ASSETCATALOG_COMPILER_GENERATE_SWIFT_ASSET_SYMBOL_EXTENSIONS = YES;
				CLANG_ANALYZER_NONNULL = YES;
				CLANG_ANALYZER_NUMBER_OBJECT_CONVERSION = YES_AGGRESSIVE;
				CLANG_CXX_LANGUAGE_STANDARD = "gnu++20";
				CLANG_ENABLE_MODULES = YES;
				CLANG_ENABLE_OBJC_ARC = YES;
				CLANG_ENABLE_OBJC_WEAK = YES;
				CLANG_WARN_BLOCK_CAPTURE_AUTORELEASING = YES;
				CLANG_WARN_BOOL_CONVERSION = YES;
				CLANG_WARN_COMMA = YES;
				CLANG_WARN_CONSTANT_CONVERSION = YES;
				CLANG_WARN_DEPRECATED_OBJC_IMPLEMENTATIONS = YES;
				CLANG_WARN_DIRECT_OBJC_ISA_USAGE = YES_ERROR;
				CLANG_WARN_DOCUMENTATION_COMMENTS = YES;
				CLANG_WARN_EMPTY_BODY = YES;
				CLANG_WARN_ENUM_CONVERSION = YES;
				CLANG_WARN_INFINITE_RECURSION = YES;
				CLANG_WARN_INT_CONVERSION = YES;
				CLANG_WARN_NON_LITERAL_NULL_CONVERSION = YES;
				CLANG_WARN_OBJC_IMPLICIT_RETAIN_SELF = YES;
				CLANG_WARN_OBJC_LITERAL_CONVERSION = YES;
				CLANG_WARN_OBJC_ROOT_CLASS = YES_ERROR;
				CLANG_WARN_QUOTED_INCLUDE_IN_FRAMEWORK_HEADER = YES;
				CLANG_WARN_RANGE_LOOP_ANALYSIS = YES;
				CLANG_WARN_STRICT_PROTOTYPES = YES;
				CLANG_WARN_SUSPICIOUS_MOVE = YES;
				CLANG_WARN_UNGUARDED_AVAILABILITY = YES_AGGRESSIVE;
				CLANG_WARN_UNREACHABLE_CODE = YES;
				CLANG_WARN__DUPLICATE_METHOD_MATCH = YES;
				COPY_PHASE_STRIP = NO;
				DEBUG_INFORMATION_FORMAT = "dwarf-with-dsym";
				ENABLE_NS_ASSERTIONS = NO;
				ENABLE_STRICT_OBJC_MSGSEND = YES;
				ENABLE_USER_SCRIPT_SANDBOXING = YES;
				GCC_C_LANGUAGE_STANDARD = gnu17;
				GCC_NO_COMMON_BLOCKS = YES;
				GCC_WARN_64_TO_32_BIT_CONVERSION = YES;
				GCC_WARN_ABOUT_RETURN_TYPE = YES_ERROR;
				GCC_WARN_UNDECLARED_SELECTOR = YES;
				GCC_WARN_UNINITIALIZED_AUTOS = YES_AGGRESSIVE;
				GCC_WARN_UNUSED_FUNCTION = YES;
				GCC_WARN_UNUSED_VARIABLE = YES;
				IPHONEOS_DEPLOYMENT_TARGET = 18.0;
				LOCALIZATION_PREFERS_STRING_CATALOGS = YES;
				MTL_ENABLE_DEBUG_INFO = NO;
				MTL_FAST_MATH = YES;
				SDKROOT = iphoneos;
				SWIFT_COMPILATION_MODE = wholemodule;
				VALIDATE_PRODUCT = YES;
			};
			name = Release;
		};
		11DD2E142CD67911004D498C /* Debug */ = {
			isa = XCBuildConfiguration;
			buildSettings = {
				BUNDLE_LOADER = "$(TEST_HOST)";
				CODE_SIGN_STYLE = Automatic;
				CURRENT_PROJECT_VERSION = 1;
				DEVELOPMENT_TEAM = QHQD97388Q;
				GENERATE_INFOPLIST_FILE = YES;
				IPHONEOS_DEPLOYMENT_TARGET = 18.0;
				MARKETING_VERSION = 1.0;
				PRODUCT_BUNDLE_IDENTIFIER = com.tigerfly.SQKeyboardTests;
				PRODUCT_NAME = "$(TARGET_NAME)";
				SWIFT_EMIT_LOC_STRINGS = NO;
				SWIFT_VERSION = 5.0;
				TARGETED_DEVICE_FAMILY = "1,2";
				TEST_HOST = "$(BUILT_PRODUCTS_DIR)/SQKeyboard.app/$(BUNDLE_EXECUTABLE_FOLDER_PATH)/SQKeyboard";
			};
			name = Debug;
		};
		11DD2E152CD67911004D498C /* Release */ = {
			isa = XCBuildConfiguration;
			buildSettings = {
				BUNDLE_LOADER = "$(TEST_HOST)";
				CODE_SIGN_STYLE = Automatic;
				CURRENT_PROJECT_VERSION = 1;
				DEVELOPMENT_TEAM = QHQD97388Q;
				GENERATE_INFOPLIST_FILE = YES;
				IPHONEOS_DEPLOYMENT_TARGET = 18.0;
				MARKETING_VERSION = 1.0;
				PRODUCT_BUNDLE_IDENTIFIER = com.tigerfly.SQKeyboardTests;
				PRODUCT_NAME = "$(TARGET_NAME)";
				SWIFT_EMIT_LOC_STRINGS = NO;
				SWIFT_VERSION = 5.0;
				TARGETED_DEVICE_FAMILY = "1,2";
				TEST_HOST = "$(BUILT_PRODUCTS_DIR)/SQKeyboard.app/$(BUNDLE_EXECUTABLE_FOLDER_PATH)/SQKeyboard";
			};
			name = Release;
		};
		11DD2E172CD67911004D498C /* Debug */ = {
			isa = XCBuildConfiguration;
			buildSettings = {
				CODE_SIGN_STYLE = Automatic;
				CURRENT_PROJECT_VERSION = 1;
				DEVELOPMENT_TEAM = QHQD97388Q;
				GENERATE_INFOPLIST_FILE = YES;
				MARKETING_VERSION = 1.0;
				PRODUCT_BUNDLE_IDENTIFIER = com.tigerfly.SQKeyboardUITests;
				PRODUCT_NAME = "$(TARGET_NAME)";
				SWIFT_EMIT_LOC_STRINGS = NO;
				SWIFT_VERSION = 5.0;
				TARGETED_DEVICE_FAMILY = "1,2";
				TEST_TARGET_NAME = SQKeyboard;
			};
			name = Debug;
		};
		11DD2E182CD67911004D498C /* Release */ = {
			isa = XCBuildConfiguration;
			buildSettings = {
				CODE_SIGN_STYLE = Automatic;
				CURRENT_PROJECT_VERSION = 1;
				DEVELOPMENT_TEAM = QHQD97388Q;
				GENERATE_INFOPLIST_FILE = YES;
				MARKETING_VERSION = 1.0;
				PRODUCT_BUNDLE_IDENTIFIER = com.tigerfly.SQKeyboardUITests;
				PRODUCT_NAME = "$(TARGET_NAME)";
				SWIFT_EMIT_LOC_STRINGS = NO;
				SWIFT_VERSION = 5.0;
				TARGETED_DEVICE_FAMILY = "1,2";
				TEST_TARGET_NAME = SQKeyboard;
			};
			name = Release;
		};
/* End XCBuildConfiguration section */

/* Begin XCConfigurationList section */
		11DD2DE02CD67910004D498C /* Build configuration list for PBXProject "SQKeyboard" */ = {
			isa = XCConfigurationList;
			buildConfigurations = (
				11DD2E112CD67911004D498C /* Debug */,
				11DD2E122CD67911004D498C /* Release */,
			);
			defaultConfigurationIsVisible = 0;
			defaultConfigurationName = Release;
		};
		11DD2E0E2CD67911004D498C /* Build configuration list for PBXNativeTarget "SQKeyboard" */ = {
			isa = XCConfigurationList;
			buildConfigurations = (
				11DD2E0F2CD67911004D498C /* Debug */,
				11DD2E102CD67911004D498C /* Release */,
			);
			defaultConfigurationIsVisible = 0;
			defaultConfigurationName = Release;
		};
		11DD2E132CD67911004D498C /* Build configuration list for PBXNativeTarget "SQKeyboardTests" */ = {
			isa = XCConfigurationList;
			buildConfigurations = (
				11DD2E142CD67911004D498C /* Debug */,
				11DD2E152CD67911004D498C /* Release */,
			);
			defaultConfigurationIsVisible = 0;
			defaultConfigurationName = Release;
		};
		11DD2E162CD67911004D498C /* Build configuration list for PBXNativeTarget "SQKeyboardUITests" */ = {
			isa = XCConfigurationList;
			buildConfigurations = (
				11DD2E172CD67911004D498C /* Debug */,
				11DD2E182CD67911004D498C /* Release */,
			);
			defaultConfigurationIsVisible = 0;
			defaultConfigurationName = Release;
		};
/* End XCConfigurationList section */
	};
	rootObject = 11DD2DDD2CD67910004D498C /* Project object */;
}
